// !$*UTF8*$!
{
	archiveVersion = 1;
	classes = {
	};
	objectVersion = 77;
	objects = {

/* Begin PBXBuildFile section */
		378AC4A92DA7BD2F0097533E /* FirebaseAuth in Frameworks */ = {isa = PBXBuildFile; productRef = 378AC4A82DA7BD2F0097533E /* FirebaseAuth */; };
		378AC4AB2DA7BD2F0097533E /* FirebaseCore in Frameworks */ = {isa = PBXBuildFile; productRef = 378AC4AA2DA7BD2F0097533E /* FirebaseCore */; };
		378AC4AE2DA7BD690097533E /* GoogleSignIn in Frameworks */ = {isa = PBXBuildFile; productRef = 378AC4AD2DA7BD690097533E /* GoogleSignIn */; };
		378AC4B02DA7BD690097533E /* GoogleSignInSwift in Frameworks */ = {isa = PBXBuildFile; productRef = 378AC4AF2DA7BD690097533E /* GoogleSignInSwift */; };
		378AC5562DBF8EA20097533E /* FirebaseFirestore in Frameworks */ = {isa = PBXBuildFile; productRef = 378AC5552DBF8EA20097533E /* FirebaseFirestore */; };
/* End PBXBuildFile section */

/* Begin PBXContainerItemProxy section */
		370B43DB2D3ED30B000663B8 /* PBXContainerItemProxy */ = {
			isa = PBXContainerItemProxy;
			containerPortal = 370B43C22D3ED30A000663B8 /* Project object */;
			proxyType = 1;
			remoteGlobalIDString = 370B43C92D3ED30A000663B8;
			remoteInfo = LemmeQuit;
		};
		370B43E52D3ED30B000663B8 /* PBXContainerItemProxy */ = {
			isa = PBXContainerItemProxy;
			containerPortal = 370B43C22D3ED30A000663B8 /* Project object */;
			proxyType = 1;
			remoteGlobalIDString = 370B43C92D3ED30A000663B8;
			remoteInfo = LemmeQuit;
		};
/* End PBXContainerItemProxy section */

/* Begin PBXFileReference section */
		370B43CA2D3ED30A000663B8 /* LemmeQuit.app */ = {isa = PBXFileReference; explicitFileType = wrapper.application; includeInIndex = 0; path = LemmeQuit.app; sourceTree = BUILT_PRODUCTS_DIR; };
		370B43DA2D3ED30B000663B8 /* LemmeQuitTests.xctest */ = {isa = PBXFileReference; explicitFileType = wrapper.cfbundle; includeInIndex = 0; path = LemmeQuitTests.xctest; sourceTree = BUILT_PRODUCTS_DIR; };
		370B43E42D3ED30B000663B8 /* LemmeQuitUITests.xctest */ = {isa = PBXFileReference; explicitFileType = wrapper.cfbundle; includeInIndex = 0; path = LemmeQuitUITests.xctest; sourceTree = BUILT_PRODUCTS_DIR; };
/* End PBXFileReference section */

/* Begin PBXFileSystemSynchronizedBuildFileExceptionSet section */
		3743CF282DE5D15200C2919E /* Exceptions for "LemmeQuit" folder in "LemmeQuit" target */ = {
			isa = PBXFileSystemSynchronizedBuildFileExceptionSet;
			membershipExceptions = (
				Info.plist,
			);
			target = 370B43C92D3ED30A000663B8 /* LemmeQuit */;
		};
/* End PBXFileSystemSynchronizedBuildFileExceptionSet section */

/* Begin PBXFileSystemSynchronizedRootGroup section */
		370B43CC2D3ED30A000663B8 /* LemmeQuit */ = {
			isa = PBXFileSystemSynchronizedRootGroup;
			exceptions = (
				3743CF282DE5D15200C2919E /* Exceptions for "LemmeQuit" folder in "LemmeQuit" target */,
			);
			path = LemmeQuit;
			sourceTree = "<group>";
		};
		370B43DD2D3ED30B000663B8 /* LemmeQuitTests */ = {
			isa = PBXFileSystemSynchronizedRootGroup;
			path = LemmeQuitTests;
			sourceTree = "<group>";
		};
		370B43E72D3ED30B000663B8 /* LemmeQuitUITests */ = {
			isa = PBXFileSystemSynchronizedRootGroup;
			path = LemmeQuitUITests;
			sourceTree = "<group>";
		};
/* End PBXFileSystemSynchronizedRootGroup section */

/* Begin PBXFrameworksBuildPhase section */
		370B43C72D3ED30A000663B8 /* Frameworks */ = {
			isa = PBXFrameworksBuildPhase;
			buildActionMask = 2147483647;
			files = (
				378AC4AB2DA7BD2F0097533E /* FirebaseCore in Frameworks */,
				378AC4A92DA7BD2F0097533E /* FirebaseAuth in Frameworks */,
				378AC4AE2DA7BD690097533E /* GoogleSignIn in Frameworks */,
				378AC5562DBF8EA20097533E /* FirebaseFirestore in Frameworks */,
				378AC4B02DA7BD690097533E /* GoogleSignInSwift in Frameworks */,
			);
			runOnlyForDeploymentPostprocessing = 0;
		};
		370B43D72D3ED30B000663B8 /* Frameworks */ = {
			isa = PBXFrameworksBuildPhase;
			buildActionMask = 2147483647;
			files = (
			);
			runOnlyForDeploymentPostprocessing = 0;
		};
		370B43E12D3ED30B000663B8 /* Frameworks */ = {
			isa = PBXFrameworksBuildPhase;
			buildActionMask = 2147483647;
			files = (
			);
			runOnlyForDeploymentPostprocessing = 0;
		};
/* End PBXFrameworksBuildPhase section */

/* Begin PBXGroup section */
		370B43C12D3ED30A000663B8 = {
			isa = PBXGroup;
			children = (
				370B43CC2D3ED30A000663B8 /* LemmeQuit */,
				370B43DD2D3ED30B000663B8 /* LemmeQuitTests */,
				370B43E72D3ED30B000663B8 /* LemmeQuitUITests */,
				370B43CB2D3ED30A000663B8 /* Products */,
			);
			sourceTree = "<group>";
		};
		370B43CB2D3ED30A000663B8 /* Products */ = {
			isa = PBXGroup;
			children = (
				370B43CA2D3ED30A000663B8 /* LemmeQuit.app */,
				370B43DA2D3ED30B000663B8 /* LemmeQuitTests.xctest */,
				370B43E42D3ED30B000663B8 /* LemmeQuitUITests.xctest */,
			);
			name = Products;
			sourceTree = "<group>";
		};
/* End PBXGroup section */

/* Begin PBXNativeTarget section */
		370B43C92D3ED30A000663B8 /* LemmeQuit */ = {
			isa = PBXNativeTarget;
			buildConfigurationList = 370B43EE2D3ED30B000663B8 /* Build configuration list for PBXNativeTarget "LemmeQuit" */;
			buildPhases = (
				370B43C62D3ED30A000663B8 /* Sources */,
				370B43C72D3ED30A000663B8 /* Frameworks */,
				370B43C82D3ED30A000663B8 /* Resources */,
			);
			buildRules = (
			);
			dependencies = (
			);
			fileSystemSynchronizedGroups = (
				370B43CC2D3ED30A000663B8 /* LemmeQuit */,
			);
			name = LemmeQuit;
			packageProductDependencies = (
				378AC4A82DA7BD2F0097533E /* FirebaseAuth */,
				378AC4AA2DA7BD2F0097533E /* FirebaseCore */,
				378AC4AD2DA7BD690097533E /* GoogleSignIn */,
				378AC4AF2DA7BD690097533E /* GoogleSignInSwift */,
				378AC5552DBF8EA20097533E /* FirebaseFirestore */,
			);
			productName = LemmeQuit;
			productReference = 370B43CA2D3ED30A000663B8 /* LemmeQuit.app */;
			productType = "com.apple.product-type.application";
		};
		370B43D92D3ED30B000663B8 /* LemmeQuitTests */ = {
			isa = PBXNativeTarget;
			buildConfigurationList = 370B43F12D3ED30B000663B8 /* Build configuration list for PBXNativeTarget "LemmeQuitTests" */;
			buildPhases = (
				370B43D62D3ED30B000663B8 /* Sources */,
				370B43D72D3ED30B000663B8 /* Frameworks */,
				370B43D82D3ED30B000663B8 /* Resources */,
			);
			buildRules = (
			);
			dependencies = (
				370B43DC2D3ED30B000663B8 /* PBXTargetDependency */,
			);
			fileSystemSynchronizedGroups = (
				370B43DD2D3ED30B000663B8 /* LemmeQuitTests */,
			);
			name = LemmeQuitTests;
			packageProductDependencies = (
			);
			productName = LemmeQuitTests;
			productReference = 370B43DA2D3ED30B000663B8 /* LemmeQuitTests.xctest */;
			productType = "com.apple.product-type.bundle.unit-test";
		};
		370B43E32D3ED30B000663B8 /* LemmeQuitUITests */ = {
			isa = PBXNativeTarget;
			buildConfigurationList = 370B43F42D3ED30B000663B8 /* Build configuration list for PBXNativeTarget "LemmeQuitUITests" */;
			buildPhases = (
				370B43E02D3ED30B000663B8 /* Sources */,
				370B43E12D3ED30B000663B8 /* Frameworks */,
				370B43E22D3ED30B000663B8 /* Resources */,
			);
			buildRules = (
			);
			dependencies = (
				370B43E62D3ED30B000663B8 /* PBXTargetDependency */,
			);
			fileSystemSynchronizedGroups = (
				370B43E72D3ED30B000663B8 /* LemmeQuitUITests */,
			);
			name = LemmeQuitUITests;
			packageProductDependencies = (
			);
			productName = LemmeQuitUITests;
			productReference = 370B43E42D3ED30B000663B8 /* LemmeQuitUITests.xctest */;
			productType = "com.apple.product-type.bundle.ui-testing";
		};
/* End PBXNativeTarget section */

/* Begin PBXProject section */
		370B43C22D3ED30A000663B8 /* Project object */ = {
			isa = PBXProject;
			attributes = {
				BuildIndependentTargetsInParallel = 1;
				LastSwiftUpdateCheck = 1610;
				LastUpgradeCheck = 1610;
				TargetAttributes = {
					370B43C92D3ED30A000663B8 = {
						CreatedOnToolsVersion = 16.1;
					};
					370B43D92D3ED30B000663B8 = {
						CreatedOnToolsVersion = 16.1;
						TestTargetID = 370B43C92D3ED30A000663B8;
					};
					370B43E32D3ED30B000663B8 = {
						CreatedOnToolsVersion = 16.1;
						TestTargetID = 370B43C92D3ED30A000663B8;
					};
				};
			};
			buildConfigurationList = 370B43C52D3ED30A000663B8 /* Build configuration list for PBXProject "LemmeQuit" */;
			developmentRegion = en;
			hasScannedForEncodings = 0;
			knownRegions = (
				en,
				Base,
			);
			mainGroup = 370B43C12D3ED30A000663B8;
			minimizedProjectReferenceProxies = 1;
			packageReferences = (
				378AC4A72DA7BD2F0097533E /* XCRemoteSwiftPackageReference "firebase-ios-sdk" */,
				378AC4AC2DA7BD690097533E /* XCRemoteSwiftPackageReference "GoogleSignIn-iOS" */,
			);
			preferredProjectObjectVersion = 77;
			productRefGroup = 370B43CB2D3ED30A000663B8 /* Products */;
			projectDirPath = "";
			projectRoot = "";
			targets = (
				370B43C92D3ED30A000663B8 /* LemmeQuit */,
				370B43D92D3ED30B000663B8 /* LemmeQuitTests */,
				370B43E32D3ED30B000663B8 /* LemmeQuitUITests */,
			);
		};
/* End PBXProject section */

/* Begin PBXResourcesBuildPhase section */
		370B43C82D3ED30A000663B8 /* Resources */ = {
			isa = PBXResourcesBuildPhase;
			buildActionMask = 2147483647;
			files = (
			);
			runOnlyForDeploymentPostprocessing = 0;
		};
		370B43D82D3ED30B000663B8 /* Resources */ = {
			isa = PBXResourcesBuildPhase;
			buildActionMask = 2147483647;
			files = (
			);
			runOnlyForDeploymentPostprocessing = 0;
		};
		370B43E22D3ED30B000663B8 /* Resources */ = {
			isa = PBXResourcesBuildPhase;
			buildActionMask = 2147483647;
			files = (
			);
			runOnlyForDeploymentPostprocessing = 0;
		};
/* End PBXResourcesBuildPhase section */

/* Begin PBXSourcesBuildPhase section */
		370B43C62D3ED30A000663B8 /* Sources */ = {
			isa = PBXSourcesBuildPhase;
			buildActionMask = 2147483647;
			files = (
			);
			runOnlyForDeploymentPostprocessing = 0;
		};
		370B43D62D3ED30B000663B8 /* Sources */ = {
			isa = PBXSourcesBuildPhase;
			buildActionMask = 2147483647;
			files = (
			);
			runOnlyForDeploymentPostprocessing = 0;
		};
		370B43E02D3ED30B000663B8 /* Sources */ = {
			isa = PBXSourcesBuildPhase;
			buildActionMask = 2147483647;
			files = (
			);
			runOnlyForDeploymentPostprocessing = 0;
		};
/* End PBXSourcesBuildPhase section */

/* Begin PBXTargetDependency section */
		370B43DC2D3ED30B000663B8 /* PBXTargetDependency */ = {
			isa = PBXTargetDependency;
			target = 370B43C92D3ED30A000663B8 /* LemmeQuit */;
			targetProxy = 370B43DB2D3ED30B000663B8 /* PBXContainerItemProxy */;
		};
		370B43E62D3ED30B000663B8 /* PBXTargetDependency */ = {
			isa = PBXTargetDependency;
			target = 370B43C92D3ED30A000663B8 /* LemmeQuit */;
			targetProxy = 370B43E52D3ED30B000663B8 /* PBXContainerItemProxy */;
		};
/* End PBXTargetDependency section */

/* Begin XCBuildConfiguration section */
		370B43EC2D3ED30B000663B8 /* Debug */ = {
			isa = XCBuildConfiguration;
			buildSettings = {
				ALWAYS_SEARCH_USER_PATHS = NO;
				ASSETCATALOG_COMPILER_GENERATE_SWIFT_ASSET_SYMBOL_EXTENSIONS = YES;
				CLANG_ANALYZER_NONNULL = YES;
				CLANG_ANALYZER_NUMBER_OBJECT_CONVERSION = YES_AGGRESSIVE;
				CLANG_CXX_LANGUAGE_STANDARD = "gnu++20";
				CLANG_ENABLE_MODULES = YES;
				CLANG_ENABLE_OBJC_ARC = YES;
				CLANG_ENABLE_OBJC_WEAK = YES;
				CLANG_WARN_BLOCK_CAPTURE_AUTORELEASING = YES;
				CLANG_WARN_BOOL_CONVERSION = YES;
				CLANG_WARN_COMMA = YES;
				CLANG_WARN_CONSTANT_CONVERSION = YES;
				CLANG_WARN_DEPRECATED_OBJC_IMPLEMENTATIONS = YES;
				CLANG_WARN_DIRECT_OBJC_ISA_USAGE = YES_ERROR;
				CLANG_WARN_DOCUMENTATION_COMMENTS = YES;
				CLANG_WARN_EMPTY_BODY = YES;
				CLANG_WARN_ENUM_CONVERSION = YES;
				CLANG_WARN_INFINITE_RECURSION = YES;
				CLANG_WARN_INT_CONVERSION = YES;
				CLANG_WARN_NON_LITERAL_NULL_CONVERSION = YES;
				CLANG_WARN_OBJC_IMPLICIT_RETAIN_SELF = YES;
				CLANG_WARN_OBJC_LITERAL_CONVERSION = YES;
				CLANG_WARN_OBJC_ROOT_CLASS = YES_ERROR;
				CLANG_WARN_QUOTED_INCLUDE_IN_FRAMEWORK_HEADER = YES;
				CLANG_WARN_RANGE_LOOP_ANALYSIS = YES;
				CLANG_WARN_STRICT_PROTOTYPES = YES;
				CLANG_WARN_SUSPICIOUS_MOVE = YES;
				CLANG_WARN_UNGUARDED_AVAILABILITY = YES_AGGRESSIVE;
				CLANG_WARN_UNREACHABLE_CODE = YES;
				CLANG_WARN__DUPLICATE_METHOD_MATCH = YES;
				COPY_PHASE_STRIP = NO;
				DEBUG_INFORMATION_FORMAT = dwarf;
				ENABLE_STRICT_OBJC_MSGSEND = YES;
				ENABLE_TESTABILITY = YES;
				ENABLE_USER_SCRIPT_SANDBOXING = YES;
				GCC_C_LANGUAGE_STANDARD = gnu17;
				GCC_DYNAMIC_NO_PIC = NO;
				GCC_NO_COMMON_BLOCKS = YES;
				GCC_OPTIMIZATION_LEVEL = 0;
				GCC_PREPROCESSOR_DEFINITIONS = (
					"DEBUG=1",
					"$(inherited)",
				);
				GCC_WARN_64_TO_32_BIT_CONVERSION = YES;
				GCC_WARN_ABOUT_RETURN_TYPE = YES_ERROR;
				GCC_WARN_UNDECLARED_SELECTOR = YES;
				GCC_WARN_UNINITIALIZED_AUTOS = YES_AGGRESSIVE;
				GCC_WARN_UNUSED_FUNCTION = YES;
				GCC_WARN_UNUSED_VARIABLE = YES;
				IPHONEOS_DEPLOYMENT_TARGET = 18.1;
				LOCALIZATION_PREFERS_STRING_CATALOGS = YES;
				MTL_ENABLE_DEBUG_INFO = INCLUDE_SOURCE;
				MTL_FAST_MATH = YES;
				ONLY_ACTIVE_ARCH = YES;
				SDKROOT = iphoneos;
				SWIFT_ACTIVE_COMPILATION_CONDITIONS = "DEBUG $(inherited)";
				SWIFT_OPTIMIZATION_LEVEL = "-Onone";
			};
			name = Debug;
		};
		370B43ED2D3ED30B000663B8 /* Release */ = {
			isa = XCBuildConfiguration;
			buildSettings = {
				ALWAYS_SEARCH_USER_PATHS = NO;
				ASSETCATALOG_COMPILER_GENERATE_SWIFT_ASSET_SYMBOL_EXTENSIONS = YES;
				CLANG_ANALYZER_NONNULL = YES;
				CLANG_ANALYZER_NUMBER_OBJECT_CONVERSION = YES_AGGRESSIVE;
				CLANG_CXX_LANGUAGE_STANDARD = "gnu++20";
				CLANG_ENABLE_MODULES = YES;
				CLANG_ENABLE_OBJC_ARC = YES;
				CLANG_ENABLE_OBJC_WEAK = YES;
				CLANG_WARN_BLOCK_CAPTURE_AUTORELEASING = YES;
				CLANG_WARN_BOOL_CONVERSION = YES;
				CLANG_WARN_COMMA = YES;
				CLANG_WARN_CONSTANT_CONVERSION = YES;
				CLANG_WARN_DEPRECATED_OBJC_IMPLEMENTATIONS = YES;
				CLANG_WARN_DIRECT_OBJC_ISA_USAGE = YES_ERROR;
				CLANG_WARN_DOCUMENTATION_COMMENTS = YES;
				CLANG_WARN_EMPTY_BODY = YES;
				CLANG_WARN_ENUM_CONVERSION = YES;
				CLANG_WARN_INFINITE_RECURSION = YES;
				CLANG_WARN_INT_CONVERSION = YES;
				CLANG_WARN_NON_LITERAL_NULL_CONVERSION = YES;
				CLANG_WARN_OBJC_IMPLICIT_RETAIN_SELF = YES;
				CLANG_WARN_OBJC_LITERAL_CONVERSION = YES;
				CLANG_WARN_OBJC_ROOT_CLASS = YES_ERROR;
				CLANG_WARN_QUOTED_INCLUDE_IN_FRAMEWORK_HEADER = YES;
				CLANG_WARN_RANGE_LOOP_ANALYSIS = YES;
				CLANG_WARN_STRICT_PROTOTYPES = YES;
				CLANG_WARN_SUSPICIOUS_MOVE = YES;
				CLANG_WARN_UNGUARDED_AVAILABILITY = YES_AGGRESSIVE;
				CLANG_WARN_UNREACHABLE_CODE = YES;
				CLANG_WARN__DUPLICATE_METHOD_MATCH = YES;
				COPY_PHASE_STRIP = NO;
				DEBUG_INFORMATION_FORMAT = "dwarf-with-dsym";
				ENABLE_NS_ASSERTIONS = NO;
				ENABLE_STRICT_OBJC_MSGSEND = YES;
				ENABLE_USER_SCRIPT_SANDBOXING = YES;
				GCC_C_LANGUAGE_STANDARD = gnu17;
				GCC_NO_COMMON_BLOCKS = YES;
				GCC_WARN_64_TO_32_BIT_CONVERSION = YES;
				GCC_WARN_ABOUT_RETURN_TYPE = YES_ERROR;
				GCC_WARN_UNDECLARED_SELECTOR = YES;
				GCC_WARN_UNINITIALIZED_AUTOS = YES_AGGRESSIVE;
				GCC_WARN_UNUSED_FUNCTION = YES;
				GCC_WARN_UNUSED_VARIABLE = YES;
				IPHONEOS_DEPLOYMENT_TARGET = 18.1;
				LOCALIZATION_PREFERS_STRING_CATALOGS = YES;
				MTL_ENABLE_DEBUG_INFO = NO;
				MTL_FAST_MATH = YES;
				SDKROOT = iphoneos;
				SWIFT_COMPILATION_MODE = wholemodule;
				VALIDATE_PRODUCT = YES;
			};
			name = Release;
		};
		370B43EF2D3ED30B000663B8 /* Debug */ = {
			isa = XCBuildConfiguration;
			buildSettings = {
				ASSETCATALOG_COMPILER_APPICON_NAME = AppIcon;
				ASSETCATALOG_COMPILER_GLOBAL_ACCENT_COLOR_NAME = AccentColor;
				CODE_SIGN_STYLE = Automatic;
				CURRENT_PROJECT_VERSION = 1;
				DEVELOPMENT_ASSET_PATHS = "\"LemmeQuit/Preview Content\"";
				DEVELOPMENT_TEAM = CA9M69LKUF;
				ENABLE_PREVIEWS = YES;
				GENERATE_INFOPLIST_FILE = YES;
				INFOPLIST_FILE = LemmeQuit/Info.plist;
				INFOPLIST_KEY_UIApplicationSceneManifest_Generation = YES;
				INFOPLIST_KEY_UIApplicationSupportsIndirectInputEvents = YES;
				INFOPLIST_KEY_UILaunchScreen_Generation = YES;
				INFOPLIST_KEY_UILaunchStoryboardName = "Launch Screen.storyboard";
				INFOPLIST_KEY_UISupportedInterfaceOrientations_iPad = "UIInterfaceOrientationPortrait UIInterfaceOrientationPortraitUpsideDown UIInterfaceOrientationLandscapeLeft UIInterfaceOrientationLandscapeRight";
				INFOPLIST_KEY_UISupportedInterfaceOrientations_iPhone = "UIInterfaceOrientationPortrait UIInterfaceOrientationLandscapeLeft UIInterfaceOrientationLandscapeRight";
				LD_RUNPATH_SEARCH_PATHS = (
					"$(inherited)",
					"@executable_path/Frameworks",
				);
				MARKETING_VERSION = 1.0;
				PRODUCT_BUNDLE_IDENTIFIER = com.yako.demo2.LemmeQuit;
				PRODUCT_NAME = "$(TARGET_NAME)";
				SWIFT_EMIT_LOC_STRINGS = YES;
				SWIFT_VERSION = 5.0;
				TARGETED_DEVICE_FAMILY = "1,2";
			};
			name = Debug;
		};
		370B43F02D3ED30B000663B8 /* Release */ = {
			isa = XCBuildConfiguration;
			buildSettings = {
				ASSETCATALOG_COMPILER_APPICON_NAME = AppIcon;
				ASSETCATALOG_COMPILER_GLOBAL_ACCENT_COLOR_NAME = AccentColor;
				CODE_SIGN_STYLE = Automatic;
				CURRENT_PROJECT_VERSION = 1;
				DEVELOPMENT_ASSET_PATHS = "\"LemmeQuit/Preview Content\"";
				DEVELOPMENT_TEAM = CA9M69LKUF;
				ENABLE_PREVIEWS = YES;
				GENERATE_INFOPLIST_FILE = YES;
				INFOPLIST_FILE = LemmeQuit/Info.plist;
				INFOPLIST_KEY_UIApplicationSceneManifest_Generation = YES;
				INFOPLIST_KEY_UIApplicationSupportsIndirectInputEvents = YES;
				INFOPLIST_KEY_UILaunchScreen_Generation = YES;
				INFOPLIST_KEY_UILaunchStoryboardName = "Launch Screen.storyboard";
				INFOPLIST_KEY_UISupportedInterfaceOrientations_iPad = "UIInterfaceOrientationPortrait UIInterfaceOrientationPortraitUpsideDown UIInterfaceOrientationLandscapeLeft UIInterfaceOrientationLandscapeRight";
				INFOPLIST_KEY_UISupportedInterfaceOrientations_iPhone = "UIInterfaceOrientationPortrait UIInterfaceOrientationLandscapeLeft UIInterfaceOrientationLandscapeRight";
				LD_RUNPATH_SEARCH_PATHS = (
					"$(inherited)",
					"@executable_path/Frameworks",
				);
				MARKETING_VERSION = 1.0;
				PRODUCT_BUNDLE_IDENTIFIER = com.yako.demo2.LemmeQuit;
				PRODUCT_NAME = "$(TARGET_NAME)";
				SWIFT_EMIT_LOC_STRINGS = YES;
				SWIFT_VERSION = 5.0;
				TARGETED_DEVICE_FAMILY = "1,2";
			};
			name = Release;
		};
		370B43F22D3ED30B000663B8 /* Debug */ = {
			isa = XCBuildConfiguration;
			buildSettings = {
				BUNDLE_LOADER = "$(TEST_HOST)";
				CODE_SIGN_STYLE = Automatic;
				CURRENT_PROJECT_VERSION = 1;
				DEVELOPMENT_TEAM = CA9M69LKUF;
				GENERATE_INFOPLIST_FILE = YES;
				IPHONEOS_DEPLOYMENT_TARGET = 18.1;
				MARKETING_VERSION = 1.0;
				PRODUCT_BUNDLE_IDENTIFIER = com.yako.demo2.LemmeQuitTests;
				PRODUCT_NAME = "$(TARGET_NAME)";
				SWIFT_EMIT_LOC_STRINGS = NO;
				SWIFT_VERSION = 5.0;
				TARGETED_DEVICE_FAMILY = "1,2";
				TEST_HOST = "$(BUILT_PRODUCTS_DIR)/LemmeQuit.app/$(BUNDLE_EXECUTABLE_FOLDER_PATH)/LemmeQuit";
			};
			name = Debug;
		};
		370B43F32D3ED30B000663B8 /* Release */ = {
			isa = XCBuildConfiguration;
			buildSettings = {
				BUNDLE_LOADER = "$(TEST_HOST)";
				CODE_SIGN_STYLE = Automatic;
				CURRENT_PROJECT_VERSION = 1;
				DEVELOPMENT_TEAM = CA9M69LKUF;
				GENERATE_INFOPLIST_FILE = YES;
				IPHONEOS_DEPLOYMENT_TARGET = 18.1;
				MARKETING_VERSION = 1.0;
				PRODUCT_BUNDLE_IDENTIFIER = com.yako.demo2.LemmeQuitTests;
				PRODUCT_NAME = "$(TARGET_NAME)";
				SWIFT_EMIT_LOC_STRINGS = NO;
				SWIFT_VERSION = 5.0;
				TARGETED_DEVICE_FAMILY = "1,2";
				TEST_HOST = "$(BUILT_PRODUCTS_DIR)/LemmeQuit.app/$(BUNDLE_EXECUTABLE_FOLDER_PATH)/LemmeQuit";
			};
			name = Release;
		};
		370B43F52D3ED30B000663B8 /* Debug */ = {
			isa = XCBuildConfiguration;
			buildSettings = {
				CODE_SIGN_STYLE = Automatic;
				CURRENT_PROJECT_VERSION = 1;
				DEVELOPMENT_TEAM = CA9M69LKUF;
				GENERATE_INFOPLIST_FILE = YES;
				MARKETING_VERSION = 1.0;
				PRODUCT_BUNDLE_IDENTIFIER = com.yako.demo2.LemmeQuitUITests;
				PRODUCT_NAME = "$(TARGET_NAME)";
				SWIFT_EMIT_LOC_STRINGS = NO;
				SWIFT_VERSION = 5.0;
				TARGETED_DEVICE_FAMILY = "1,2";
				TEST_TARGET_NAME = LemmeQuit;
			};
			name = Debug;
		};
		370B43F62D3ED30B000663B8 /* Release */ = {
			isa = XCBuildConfiguration;
			buildSettings = {
				CODE_SIGN_STYLE = Automatic;
				CURRENT_PROJECT_VERSION = 1;
				DEVELOPMENT_TEAM = CA9M69LKUF;
				GENERATE_INFOPLIST_FILE = YES;
				MARKETING_VERSION = 1.0;
				PRODUCT_BUNDLE_IDENTIFIER = com.yako.demo2.LemmeQuitUITests;
				PRODUCT_NAME = "$(TARGET_NAME)";
				SWIFT_EMIT_LOC_STRINGS = NO;
				SWIFT_VERSION = 5.0;
				TARGETED_DEVICE_FAMILY = "1,2";
				TEST_TARGET_NAME = LemmeQuit;
			};
			name = Release;
		};
/* End XCBuildConfiguration section */

/* Begin XCConfigurationList section */
		370B43C52D3ED30A000663B8 /* Build configuration list for PBXProject "LemmeQuit" */ = {
			isa = XCConfigurationList;
			buildConfigurations = (
				370B43EC2D3ED30B000663B8 /* Debug */,
				370B43ED2D3ED30B000663B8 /* Release */,
			);
			defaultConfigurationIsVisible = 0;
			defaultConfigurationName = Release;
		};
		370B43EE2D3ED30B000663B8 /* Build configuration list for PBXNativeTarget "LemmeQuit" */ = {
			isa = XCConfigurationList;
			buildConfigurations = (
				370B43EF2D3ED30B000663B8 /* Debug */,
				370B43F02D3ED30B000663B8 /* Release */,
			);
			defaultConfigurationIsVisible = 0;
			defaultConfigurationName = Release;
		};
		370B43F12D3ED30B000663B8 /* Build configuration list for PBXNativeTarget "LemmeQuitTests" */ = {
			isa = XCConfigurationList;
			buildConfigurations = (
				370B43F22D3ED30B000663B8 /* Debug */,
				370B43F32D3ED30B000663B8 /* Release */,
			);
			defaultConfigurationIsVisible = 0;
			defaultConfigurationName = Release;
		};
		370B43F42D3ED30B000663B8 /* Build configuration list for PBXNativeTarget "LemmeQuitUITests" */ = {
			isa = XCConfigurationList;
			buildConfigurations = (
				370B43F52D3ED30B000663B8 /* Debug */,
				370B43F62D3ED30B000663B8 /* Release */,
			);
			defaultConfigurationIsVisible = 0;
			defaultConfigurationName = Release;
		};
/* End XCConfigurationList section */

/* Begin XCRemoteSwiftPackageReference section */
		378AC4A72DA7BD2F0097533E /* XCRemoteSwiftPackageReference "firebase-ios-sdk" */ = {
			isa = XCRemoteSwiftPackageReference;
			repositoryURL = "https://github.com/firebase/firebase-ios-sdk";
			requirement = {
				kind = upToNextMajorVersion;
				minimumVersion = 11.11.0;
			};
		};
		378AC4AC2DA7BD690097533E /* XCRemoteSwiftPackageReference "GoogleSignIn-iOS" */ = {
			isa = XCRemoteSwiftPackageReference;
			repositoryURL = "https://github.com/google/GoogleSignIn-iOS";
			requirement = {
				kind = upToNextMajorVersion;
				minimumVersion = 8.0.0;
			};
		};
/* End XCRemoteSwiftPackageReference section */

/* Begin XCSwiftPackageProductDependency section */
		378AC4A82DA7BD2F0097533E /* FirebaseAuth */ = {
			isa = XCSwiftPackageProductDependency;
			package = 378AC4A72DA7BD2F0097533E /* XCRemoteSwiftPackageReference "firebase-ios-sdk" */;
			productName = FirebaseAuth;
		};
		378AC4AA2DA7BD2F0097533E /* FirebaseCore */ = {
			isa = XCSwiftPackageProductDependency;
			package = 378AC4A72DA7BD2F0097533E /* XCRemoteSwiftPackageReference "firebase-ios-sdk" */;
			productName = FirebaseCore;
		};
		378AC4AD2DA7BD690097533E /* GoogleSignIn */ = {
			isa = XCSwiftPackageProductDependency;
			package = 378AC4AC2DA7BD690097533E /* XCRemoteSwiftPackageReference "GoogleSignIn-iOS" */;
			productName = GoogleSignIn;
		};
		378AC4AF2DA7BD690097533E /* GoogleSignInSwift */ = {
			isa = XCSwiftPackageProductDependency;
			package = 378AC4AC2DA7BD690097533E /* XCRemoteSwiftPackageReference "GoogleSignIn-iOS" */;
			productName = GoogleSignInSwift;
		};
		378AC5552DBF8EA20097533E /* FirebaseFirestore */ = {
			isa = XCSwiftPackageProductDependency;
			package = 378AC4A72DA7BD2F0097533E /* XCRemoteSwiftPackageReference "firebase-ios-sdk" */;
			productName = FirebaseFirestore;
		};
/* End XCSwiftPackageProductDependency section */
	};
	rootObject = 370B43C22D3ED30A000663B8 /* Project object */;
}
